// !$*UTF8*$!
{
	archiveVersion = 1;
	classes = {
	};
	objectVersion = 50;
	objects = {

/* Begin PBXBuildFile section */
		4FDC2D072251F3CF00DC0CB7 /* AppDelegate.m in Sources */ = {isa = PBXBuildFile; fileRef = 4FDC2D062251F3CF00DC0CB7 /* AppDelegate.m */; };
		4FDC2D0A2251F3CF00DC0CB7 /* ViewController.m in Sources */ = {isa = PBXBuildFile; fileRef = 4FDC2D092251F3CF00DC0CB7 /* ViewController.m */; };
		4FDC2D0D2251F3CF00DC0CB7 /* Main.storyboard in Resources */ = {isa = PBXBuildFile; fileRef = 4FDC2D0B2251F3CF00DC0CB7 /* Main.storyboard */; };
		4FDC2D0F2251F3D100DC0CB7 /* Assets.xcassets in Resources */ = {isa = PBXBuildFile; fileRef = 4FDC2D0E2251F3D100DC0CB7 /* Assets.xcassets */; };
		4FDC2D122251F3D100DC0CB7 /* LaunchScreen.storyboard in Resources */ = {isa = PBXBuildFile; fileRef = 4FDC2D102251F3D100DC0CB7 /* LaunchScreen.storyboard */; };
		4FDC2D152251F3D100DC0CB7 /* main.m in Sources */ = {isa = PBXBuildFile; fileRef = 4FDC2D142251F3D100DC0CB7 /* main.m */; };
		4FDC2D1D2251F49700DC0CB7 /* LocalEncryptService.m in Sources */ = {isa = PBXBuildFile; fileRef = 4FDC2D1C2251F49700DC0CB7 /* LocalEncryptService.m */; };
		4FDC2D232251FA4A00DC0CB7 /* NSData+LE.m in Sources */ = {isa = PBXBuildFile; fileRef = 4FDC2D212251FA4A00DC0CB7 /* NSData+LE.m */; };
		4FDC2D242251FA4A00DC0CB7 /* GTMBase64.m in Sources */ = {isa = PBXBuildFile; fileRef = 4FDC2D222251FA4A00DC0CB7 /* GTMBase64.m */; settings = {COMPILER_FLAGS = "-fno-objc-arc"; }; };
		4FDC2D2A2251FAC200DC0CB7 /* SAMKeychain.m in Sources */ = {isa = PBXBuildFile; fileRef = 4FDC2D272251FAC200DC0CB7 /* SAMKeychain.m */; };
		4FDC2D2B2251FAC200DC0CB7 /* SAMKeychainQuery.m in Sources */ = {isa = PBXBuildFile; fileRef = 4FDC2D292251FAC200DC0CB7 /* SAMKeychainQuery.m */; };
/* End PBXBuildFile section */

/* Begin PBXFileReference section */
		4FDC2D022251F3CF00DC0CB7 /* LocalEncryptDemo.app */ = {isa = PBXFileReference; explicitFileType = wrapper.application; includeInIndex = 0; path = LocalEncryptDemo.app; sourceTree = BUILT_PRODUCTS_DIR; };
		4FDC2D052251F3CF00DC0CB7 /* AppDelegate.h */ = {isa = PBXFileReference; lastKnownFileType = sourcecode.c.h; path = AppDelegate.h; sourceTree = "<group>"; };
		4FDC2D062251F3CF00DC0CB7 /* AppDelegate.m */ = {isa = PBXFileReference; lastKnownFileType = sourcecode.c.objc; path = AppDelegate.m; sourceTree = "<group>"; };
		4FDC2D082251F3CF00DC0CB7 /* ViewController.h */ = {isa = PBXFileReference; lastKnownFileType = sourcecode.c.h; path = ViewController.h; sourceTree = "<group>"; };
		4FDC2D092251F3CF00DC0CB7 /* ViewController.m */ = {isa = PBXFileReference; lastKnownFileType = sourcecode.c.objc; path = ViewController.m; sourceTree = "<group>"; };
		4FDC2D0C2251F3CF00DC0CB7 /* Base */ = {isa = PBXFileReference; lastKnownFileType = file.storyboard; name = Base; path = Base.lproj/Main.storyboard; sourceTree = "<group>"; };
		4FDC2D0E2251F3D100DC0CB7 /* Assets.xcassets */ = {isa = PBXFileReference; lastKnownFileType = folder.assetcatalog; path = Assets.xcassets; sourceTree = "<group>"; };
		4FDC2D112251F3D100DC0CB7 /* Base */ = {isa = PBXFileReference; lastKnownFileType = file.storyboard; name = Base; path = Base.lproj/LaunchScreen.storyboard; sourceTree = "<group>"; };
		4FDC2D132251F3D100DC0CB7 /* Info.plist */ = {isa = PBXFileReference; lastKnownFileType = text.plist.xml; path = Info.plist; sourceTree = "<group>"; };
		4FDC2D142251F3D100DC0CB7 /* main.m */ = {isa = PBXFileReference; lastKnownFileType = sourcecode.c.objc; path = main.m; sourceTree = "<group>"; };
		4FDC2D1B2251F49700DC0CB7 /* LocalEncryptService.h */ = {isa = PBXFileReference; lastKnownFileType = sourcecode.c.h; path = LocalEncryptService.h; sourceTree = "<group>"; };
		4FDC2D1C2251F49700DC0CB7 /* LocalEncryptService.m */ = {isa = PBXFileReference; lastKnownFileType = sourcecode.c.objc; path = LocalEncryptService.m; sourceTree = "<group>"; };
		4FDC2D1E2251FA4A00DC0CB7 /* GTMDefines.h */ = {isa = PBXFileReference; fileEncoding = 4; lastKnownFileType = sourcecode.c.h; path = GTMDefines.h; sourceTree = "<group>"; };
		4FDC2D1F2251FA4A00DC0CB7 /* NSData+LE.h */ = {isa = PBXFileReference; fileEncoding = 4; lastKnownFileType = sourcecode.c.h; path = "NSData+LE.h"; sourceTree = "<group>"; };
		4FDC2D202251FA4A00DC0CB7 /* GTMBase64.h */ = {isa = PBXFileReference; fileEncoding = 4; lastKnownFileType = sourcecode.c.h; path = GTMBase64.h; sourceTree = "<group>"; };
		4FDC2D212251FA4A00DC0CB7 /* NSData+LE.m */ = {isa = PBXFileReference; fileEncoding = 4; lastKnownFileType = sourcecode.c.objc; path = "NSData+LE.m"; sourceTree = "<group>"; };
		4FDC2D222251FA4A00DC0CB7 /* GTMBase64.m */ = {isa = PBXFileReference; fileEncoding = 4; lastKnownFileType = sourcecode.c.objc; path = GTMBase64.m; sourceTree = "<group>"; };
		4FDC2D262251FAC200DC0CB7 /* SAMKeychain.h */ = {isa = PBXFileReference; fileEncoding = 4; lastKnownFileType = sourcecode.c.h; path = SAMKeychain.h; sourceTree = "<group>"; };
		4FDC2D272251FAC200DC0CB7 /* SAMKeychain.m */ = {isa = PBXFileReference; fileEncoding = 4; lastKnownFileType = sourcecode.c.objc; path = SAMKeychain.m; sourceTree = "<group>"; };
		4FDC2D282251FAC200DC0CB7 /* SAMKeychainQuery.h */ = {isa = PBXFileReference; fileEncoding = 4; lastKnownFileType = sourcecode.c.h; path = SAMKeychainQuery.h; sourceTree = "<group>"; };
		4FDC2D292251FAC200DC0CB7 /* SAMKeychainQuery.m */ = {isa = PBXFileReference; fileEncoding = 4; lastKnownFileType = sourcecode.c.objc; path = SAMKeychainQuery.m; sourceTree = "<group>"; };
		DB5F26A32259A30D00DF7EB4 /* README.md */ = {isa = PBXFileReference; lastKnownFileType = net.daringfireball.markdown; path = README.md; sourceTree = "<group>"; };
/* End PBXFileReference section */

/* Begin PBXFrameworksBuildPhase section */
		4FDC2CFF2251F3CF00DC0CB7 /* Frameworks */ = {
			isa = PBXFrameworksBuildPhase;
			buildActionMask = 2147483647;
			files = (
			);
			runOnlyForDeploymentPostprocessing = 0;
		};
/* End PBXFrameworksBuildPhase section */

/* Begin PBXGroup section */
		4FDC2CF92251F3CF00DC0CB7 = {
			isa = PBXGroup;
			children = (
				DB5F26A32259A30D00DF7EB4 /* README.md */,
				4FDC2D042251F3CF00DC0CB7 /* LocalEncryptDemo */,
				4FDC2D032251F3CF00DC0CB7 /* Products */,
			);
			sourceTree = "<group>";
		};
		4FDC2D032251F3CF00DC0CB7 /* Products */ = {
			isa = PBXGroup;
			children = (
				4FDC2D022251F3CF00DC0CB7 /* LocalEncryptDemo.app */,
			);
			name = Products;
			sourceTree = "<group>";
		};
		4FDC2D042251F3CF00DC0CB7 /* LocalEncryptDemo */ = {
			isa = PBXGroup;
			children = (
				4FDC2D052251F3CF00DC0CB7 /* AppDelegate.h */,
				4FDC2D062251F3CF00DC0CB7 /* AppDelegate.m */,
				4FDC2D082251F3CF00DC0CB7 /* ViewController.h */,
				4FDC2D092251F3CF00DC0CB7 /* ViewController.m */,
				4FDC2D2C2252197E00DC0CB7 /* localEncryptService */,
				4FDC2D0B2251F3CF00DC0CB7 /* Main.storyboard */,
				4FDC2D0E2251F3D100DC0CB7 /* Assets.xcassets */,
				4FDC2D102251F3D100DC0CB7 /* LaunchScreen.storyboard */,
				4FDC2D132251F3D100DC0CB7 /* Info.plist */,
				4FDC2D142251F3D100DC0CB7 /* main.m */,
			);
			path = LocalEncryptDemo;
			sourceTree = "<group>";
		};
		4FDC2D252251FAC200DC0CB7 /* SAMKeychain */ = {
			isa = PBXGroup;
			children = (
				4FDC2D262251FAC200DC0CB7 /* SAMKeychain.h */,
				4FDC2D272251FAC200DC0CB7 /* SAMKeychain.m */,
				4FDC2D282251FAC200DC0CB7 /* SAMKeychainQuery.h */,
				4FDC2D292251FAC200DC0CB7 /* SAMKeychainQuery.m */,
			);
			path = SAMKeychain;
			sourceTree = "<group>";
		};
		4FDC2D2C2252197E00DC0CB7 /* localEncryptService */ = {
			isa = PBXGroup;
			children = (
				4FDC2D252251FAC200DC0CB7 /* SAMKeychain */,
				4FDC2D1B2251F49700DC0CB7 /* LocalEncryptService.h */,
				4FDC2D1C2251F49700DC0CB7 /* LocalEncryptService.m */,
				4FDC2D202251FA4A00DC0CB7 /* GTMBase64.h */,
				4FDC2D222251FA4A00DC0CB7 /* GTMBase64.m */,
				4FDC2D1E2251FA4A00DC0CB7 /* GTMDefines.h */,
				4FDC2D1F2251FA4A00DC0CB7 /* NSData+LE.h */,
				4FDC2D212251FA4A00DC0CB7 /* NSData+LE.m */,
			);
			path = localEncryptService;
			sourceTree = "<group>";
		};
/* End PBXGroup section */

/* Begin PBXNativeTarget section */
		4FDC2D012251F3CF00DC0CB7 /* LocalEncryptDemo */ = {
			isa = PBXNativeTarget;
			buildConfigurationList = 4FDC2D182251F3D100DC0CB7 /* Build configuration list for PBXNativeTarget "LocalEncryptDemo" */;
			buildPhases = (
				4FDC2CFE2251F3CF00DC0CB7 /* Sources */,
				4FDC2CFF2251F3CF00DC0CB7 /* Frameworks */,
				4FDC2D002251F3CF00DC0CB7 /* Resources */,
			);
			buildRules = (
			);
			dependencies = (
			);
			name = LocalEncryptDemo;
			productName = LocalEncryptDemo;
			productReference = 4FDC2D022251F3CF00DC0CB7 /* LocalEncryptDemo.app */;
			productType = "com.apple.product-type.application";
		};
/* End PBXNativeTarget section */

/* Begin PBXProject section */
		4FDC2CFA2251F3CF00DC0CB7 /* Project object */ = {
			isa = PBXProject;
			attributes = {
				LastUpgradeCheck = 1010;
				ORGANIZATIONNAME = Bennie;
				TargetAttributes = {
					4FDC2D012251F3CF00DC0CB7 = {
						CreatedOnToolsVersion = 10.1;
					};
				};
			};
			buildConfigurationList = 4FDC2CFD2251F3CF00DC0CB7 /* Build configuration list for PBXProject "LocalEncryptDemo" */;
			compatibilityVersion = "Xcode 9.3";
			developmentRegion = en;
			hasScannedForEncodings = 0;
			knownRegions = (
				en,
				Base,
			);
			mainGroup = 4FDC2CF92251F3CF00DC0CB7;
			productRefGroup = 4FDC2D032251F3CF00DC0CB7 /* Products */;
			projectDirPath = "";
			projectRoot = "";
			targets = (
				4FDC2D012251F3CF00DC0CB7 /* LocalEncryptDemo */,
			);
		};
/* End PBXProject section */

/* Begin PBXResourcesBuildPhase section */
		4FDC2D002251F3CF00DC0CB7 /* Resources */ = {
			isa = PBXResourcesBuildPhase;
			buildActionMask = 2147483647;
			files = (
				4FDC2D122251F3D100DC0CB7 /* LaunchScreen.storyboard in Resources */,
				4FDC2D0F2251F3D100DC0CB7 /* Assets.xcassets in Resources */,
				4FDC2D0D2251F3CF00DC0CB7 /* Main.storyboard in Resources */,
			);
			runOnlyForDeploymentPostprocessing = 0;
		};
/* End PBXResourcesBuildPhase section */

/* Begin PBXSourcesBuildPhase section */
		4FDC2CFE2251F3CF00DC0CB7 /* Sources */ = {
			isa = PBXSourcesBuildPhase;
			buildActionMask = 2147483647;
			files = (
				4FDC2D2B2251FAC200DC0CB7 /* SAMKeychainQuery.m in Sources */,
				4FDC2D0A2251F3CF00DC0CB7 /* ViewController.m in Sources */,
				4FDC2D242251FA4A00DC0CB7 /* GTMBase64.m in Sources */,
				4FDC2D1D2251F49700DC0CB7 /* LocalEncryptService.m in Sources */,
				4FDC2D152251F3D100DC0CB7 /* main.m in Sources */,
				4FDC2D232251FA4A00DC0CB7 /* NSData+LE.m in Sources */,
				4FDC2D2A2251FAC200DC0CB7 /* SAMKeychain.m in Sources */,
				4FDC2D072251F3CF00DC0CB7 /* AppDelegate.m in Sources */,
			);
			runOnlyForDeploymentPostprocessing = 0;
		};
/* End PBXSourcesBuildPhase section */

/* Begin PBXVariantGroup section */
		4FDC2D0B2251F3CF00DC0CB7 /* Main.storyboard */ = {
			isa = PBXVariantGroup;
			children = (
				4FDC2D0C2251F3CF00DC0CB7 /* Base */,
			);
			name = Main.storyboard;
			sourceTree = "<group>";
		};
		4FDC2D102251F3D100DC0CB7 /* LaunchScreen.storyboard */ = {
			isa = PBXVariantGroup;
			children = (
				4FDC2D112251F3D100DC0CB7 /* Base */,
			);
			name = LaunchScreen.storyboard;
			sourceTree = "<group>";
		};
/* End PBXVariantGroup section */

/* Begin XCBuildConfiguration section */
		4FDC2D162251F3D100DC0CB7 /* Debug */ = {
			isa = XCBuildConfiguration;
			buildSettings = {
				ALWAYS_SEARCH_USER_PATHS = NO;
				CLANG_ANALYZER_NONNULL = YES;
				CLANG_ANALYZER_NUMBER_OBJECT_CONVERSION = YES_AGGRESSIVE;
				CLANG_CXX_LANGUAGE_STANDARD = "gnu++14";
				CLANG_CXX_LIBRARY = "libc++";
				CLANG_ENABLE_MODULES = YES;
				CLANG_ENABLE_OBJC_ARC = YES;
				CLANG_ENABLE_OBJC_WEAK = YES;
				CLANG_WARN_BLOCK_CAPTURE_AUTORELEASING = YES;
				CLANG_WARN_BOOL_CONVERSION = YES;
				CLANG_WARN_COMMA = YES;
				CLANG_WARN_CONSTANT_CONVERSION = YES;
				CLANG_WARN_DEPRECATED_OBJC_IMPLEMENTATIONS = YES;
				CLANG_WARN_DIRECT_OBJC_ISA_USAGE = YES_ERROR;
				CLANG_WARN_DOCUMENTATION_COMMENTS = YES;
				CLANG_WARN_EMPTY_BODY = YES;
				CLANG_WARN_ENUM_CONVERSION = YES;
				CLANG_WARN_INFINITE_RECURSION = YES;
				CLANG_WARN_INT_CONVERSION = YES;
				CLANG_WARN_NON_LITERAL_NULL_CONVERSION = YES;
				CLANG_WARN_OBJC_IMPLICIT_RETAIN_SELF = YES;
				CLANG_WARN_OBJC_LITERAL_CONVERSION = YES;
				CLANG_WARN_OBJC_ROOT_CLASS = YES_ERROR;
				CLANG_WARN_RANGE_LOOP_ANALYSIS = YES;
				CLANG_WARN_STRICT_PROTOTYPES = YES;
				CLANG_WARN_SUSPICIOUS_MOVE = YES;
				CLANG_WARN_UNGUARDED_AVAILABILITY = YES_AGGRESSIVE;
				CLANG_WARN_UNREACHABLE_CODE = YES;
				CLANG_WARN__DUPLICATE_METHOD_MATCH = YES;
				CODE_SIGN_IDENTITY = "iPhone Developer";
				COPY_PHASE_STRIP = NO;
				DEBUG_INFORMATION_FORMAT = dwarf;
				ENABLE_STRICT_OBJC_MSGSEND = YES;
				ENABLE_TESTABILITY = YES;
				GCC_C_LANGUAGE_STANDARD = gnu11;
				GCC_DYNAMIC_NO_PIC = NO;
				GCC_NO_COMMON_BLOCKS = YES;
				GCC_OPTIMIZATION_LEVEL = 0;
				GCC_PREPROCESSOR_DEFINITIONS = (
					"DEBUG=1",
					"$(inherited)",
				);
				GCC_WARN_64_TO_32_BIT_CONVERSION = YES;
				GCC_WARN_ABOUT_RETURN_TYPE = YES_ERROR;
				GCC_WARN_UNDECLARED_SELECTOR = YES;
				GCC_WARN_UNINITIALIZED_AUTOS = YES_AGGRESSIVE;
				GCC_WARN_UNUSED_FUNCTION = YES;
				GCC_WARN_UNUSED_VARIABLE = YES;
				IPHONEOS_DEPLOYMENT_TARGET = 12.1;
				MTL_ENABLE_DEBUG_INFO = INCLUDE_SOURCE;
				MTL_FAST_MATH = YES;
				ONLY_ACTIVE_ARCH = YES;
				SDKROOT = iphoneos;
			};
			name = Debug;
		};
		4FDC2D172251F3D100DC0CB7 /* Release */ = {
			isa = XCBuildConfiguration;
			buildSettings = {
				ALWAYS_SEARCH_USER_PATHS = NO;
				CLANG_ANALYZER_NONNULL = YES;
				CLANG_ANALYZER_NUMBER_OBJECT_CONVERSION = YES_AGGRESSIVE;
				CLANG_CXX_LANGUAGE_STANDARD = "gnu++14";
				CLANG_CXX_LIBRARY = "libc++";
				CLANG_ENABLE_MODULES = YES;
				CLANG_ENABLE_OBJC_ARC = YES;
				CLANG_ENABLE_OBJC_WEAK = YES;
				CLANG_WARN_BLOCK_CAPTURE_AUTORELEASING = YES;
				CLANG_WARN_BOOL_CONVERSION = YES;
				CLANG_WARN_COMMA = YES;
				CLANG_WARN_CONSTANT_CONVERSION = YES;
				CLANG_WARN_DEPRECATED_OBJC_IMPLEMENTATIONS = YES;
				CLANG_WARN_DIRECT_OBJC_ISA_USAGE = YES_ERROR;
				CLANG_WARN_DOCUMENTATION_COMMENTS = YES;
				CLANG_WARN_EMPTY_BODY = YES;
				CLANG_WARN_ENUM_CONVERSION = YES;
				CLANG_WARN_INFINITE_RECURSION = YES;
				CLANG_WARN_INT_CONVERSION = YES;
				CLANG_WARN_NON_LITERAL_NULL_CONVERSION = YES;
				CLANG_WARN_OBJC_IMPLICIT_RETAIN_SELF = YES;
				CLANG_WARN_OBJC_LITERAL_CONVERSION = YES;
				CLANG_WARN_OBJC_ROOT_CLASS = YES_ERROR;
				CLANG_WARN_RANGE_LOOP_ANALYSIS = YES;
				CLANG_WARN_STRICT_PROTOTYPES = YES;
				CLANG_WARN_SUSPICIOUS_MOVE = YES;
				CLANG_WARN_UNGUARDED_AVAILABILITY = YES_AGGRESSIVE;
				CLANG_WARN_UNREACHABLE_CODE = YES;
				CLANG_WARN__DUPLICATE_METHOD_MATCH = YES;
				CODE_SIGN_IDENTITY = "iPhone Developer";
				COPY_PHASE_STRIP = NO;
				DEBUG_INFORMATION_FORMAT = "dwarf-with-dsym";
				ENABLE_NS_ASSERTIONS = NO;
				ENABLE_STRICT_OBJC_MSGSEND = YES;
				GCC_C_LANGUAGE_STANDARD = gnu11;
				GCC_NO_COMMON_BLOCKS = YES;
				GCC_WARN_64_TO_32_BIT_CONVERSION = YES;
				GCC_WARN_ABOUT_RETURN_TYPE = YES_ERROR;
				GCC_WARN_UNDECLARED_SELECTOR = YES;
				GCC_WARN_UNINITIALIZED_AUTOS = YES_AGGRESSIVE;
				GCC_WARN_UNUSED_FUNCTION = YES;
				GCC_WARN_UNUSED_VARIABLE = YES;
				IPHONEOS_DEPLOYMENT_TARGET = 12.1;
				MTL_ENABLE_DEBUG_INFO = NO;
				MTL_FAST_MATH = YES;
				SDKROOT = iphoneos;
				VALIDATE_PRODUCT = YES;
			};
			name = Release;
		};
		4FDC2D192251F3D100DC0CB7 /* Debug */ = {
			isa = XCBuildConfiguration;
			buildSettings = {
				ASSETCATALOG_COMPILER_APPICON_NAME = AppIcon;
				CODE_SIGN_STYLE = Automatic;
				DEVELOPMENT_TEAM = 54JV57CX88;
				INFOPLIST_FILE = LocalEncryptDemo/Info.plist;
				LD_RUNPATH_SEARCH_PATHS = (
					"$(inherited)",
					"@executable_path/Frameworks",
				);
				PRODUCT_BUNDLE_IDENTIFIER = com.9jiuying.lib.LocalEncryptDemo;
				PRODUCT_NAME = "$(TARGET_NAME)";
				TARGETED_DEVICE_FAMILY = "1,2";
			};
			name = Debug;
		};
		4FDC2D1A2251F3D100DC0CB7 /* Release */ = {
			isa = XCBuildConfiguration;
			buildSettings = {
				ASSETCATALOG_COMPILER_APPICON_NAME = AppIcon;
				CODE_SIGN_STYLE = Automatic;
				DEVELOPMENT_TEAM = 54JV57CX88;
				INFOPLIST_FILE = LocalEncryptDemo/Info.plist;
				LD_RUNPATH_SEARCH_PATHS = (
					"$(inherited)",
					"@executable_path/Frameworks",
				);
				PRODUCT_BUNDLE_IDENTIFIER = com.9jiuying.lib.LocalEncryptDemo;
				PRODUCT_NAME = "$(TARGET_NAME)";
				TARGETED_DEVICE_FAMILY = "1,2";
			};
			name = Release;
		};
/* End XCBuildConfiguration section */

/* Begin XCConfigurationList section */
		4FDC2CFD2251F3CF00DC0CB7 /* Build configuration list for PBXProject "LocalEncryptDemo" */ = {
			isa = XCConfigurationList;
			buildConfigurations = (
				4FDC2D162251F3D100DC0CB7 /* Debug */,
				4FDC2D172251F3D100DC0CB7 /* Release */,
			);
			defaultConfigurationIsVisible = 0;
			defaultConfigurationName = Release;
		};
		4FDC2D182251F3D100DC0CB7 /* Build configuration list for PBXNativeTarget "LocalEncryptDemo" */ = {
			isa = XCConfigurationList;
			buildConfigurations = (
				4FDC2D192251F3D100DC0CB7 /* Debug */,
				4FDC2D1A2251F3D100DC0CB7 /* Release */,
			);
			defaultConfigurationIsVisible = 0;
			defaultConfigurationName = Release;
		};
/* End XCConfigurationList section */
	};
	rootObject = 4FDC2CFA2251F3CF00DC0CB7 /* Project object */;
}
